
Microsoft Visual Studio Solution File, Format Version 12.00
# Visual Studio Version 16
VisualStudioVersion = 16.0.28922.388
MinimumVisualStudioVersion = 10.0.40219.1
Project("{FAE04EC0-301F-11D3-BF4B-00C04F79EFBC}") = "LoginApp", "LoginApp\LoginApp.csproj", "{B2D7A5E4-0E1B-4063-9F3A-6BC4E25213A3}"
EndProject
Global
	GlobalSection(SolutionConfigurationPlatforms) = preSolution
		Debug|Any CPU = Debug|Any CPU
		Release|Any CPU = Release|Any CPU
	EndGlobalSection
	GlobalSection(ProjectConfigurationPlatforms) = postSolution
		{B2D7A5E4-0E1B-4063-9F3A-6BC4E25213A3}.Debug|Any CPU.ActiveCfg = Debug|Any CPU
		{B2D7A5E4-0E1B-4063-9F3A-6BC4E25213A3}.Debug|Any CPU.Build.0 = Debug|Any CPU
		{B2D7A5E4-0E1B-4063-9F3A-6BC4E25213A3}.Release|Any CPU.ActiveCfg = Release|Any CPU
		{B2D7A5E4-0E1B-4063-9F3A-6BC4E25213A3}.Release|Any CPU.Build.0 = Release|Any CPU
	EndGlobalSection
	GlobalSection(SolutionProperties) = preSolution
		HideSolutionNode = FALSE
	EndGlobalSection
	GlobalSection(ExtensibilityGlobals) = postSolution
		SolutionGuid = {769E93A5-0EAE-431C-83B7-5A6817ACF61A}
	EndGlobalSection
EndGlobal
